
Microsoft Visual Studio Solution File, Format Version 12.00
# Visual Studio Version 17
VisualStudioVersion = 17.7.34221.43
MinimumVisualStudioVersion = 10.0.40219.1
Project("{9A19103F-16F7-4668-BE54-9A1E7A4F7556}") = "NVD.Developer.Apps.Server", "Server\NVD.Developer.Apps.Server.csproj", "{30EF100D-4B7C-4D52-B8C6-61E993CB284A}"
EndProject
Project("{9A19103F-16F7-4668-BE54-9A1E7A4F7556}") = "NVD.Developer.Apps.Client", "Client\NVD.Developer.Apps.Client.csproj", "{54FB9455-EF31-490C-9415-F3F4B00591A3}"
EndProject
Project("{9A19103F-16F7-4668-BE54-9A1E7A4F7556}") = "NVD.Developer.Apps.Shared", "Shared\NVD.Developer.Apps.Shared.csproj", "{4E6404CC-2980-4336-96AC-8AA4A4DAD902}"
EndProject
Global
	GlobalSection(SolutionConfigurationPlatforms) = preSolution
		Debug|Any CPU = Debug|Any CPU
		Release|Any CPU = Release|Any CPU
	EndGlobalSection
	GlobalSection(ProjectConfigurationPlatforms) = postSolution
		{30EF100D-4B7C-4D52-B8C6-61E993CB284A}.Debug|Any CPU.ActiveCfg = Debug|Any CPU
		{30EF100D-4B7C-4D52-B8C6-61E993CB284A}.Debug|Any CPU.Build.0 = Debug|Any CPU
		{30EF100D-4B7C-4D52-B8C6-61E993CB284A}.Release|Any CPU.ActiveCfg = Release|Any CPU
		{30EF100D-4B7C-4D52-B8C6-61E993CB284A}.Release|Any CPU.Build.0 = Release|Any CPU
		{54FB9455-EF31-490C-9415-F3F4B00591A3}.Debug|Any CPU.ActiveCfg = Debug|Any CPU
		{54FB9455-EF31-490C-9415-F3F4B00591A3}.Debug|Any CPU.Build.0 = Debug|Any CPU
		{54FB9455-EF31-490C-9415-F3F4B00591A3}.Release|Any CPU.ActiveCfg = Release|Any CPU
		{54FB9455-EF31-490C-9415-F3F4B00591A3}.Release|Any CPU.Build.0 = Release|Any CPU
		{4E6404CC-2980-4336-96AC-8AA4A4DAD902}.Debug|Any CPU.ActiveCfg = Debug|Any CPU
		{4E6404CC-2980-4336-96AC-8AA4A4DAD902}.Debug|Any CPU.Build.0 = Debug|Any CPU
		{4E6404CC-2980-4336-96AC-8AA4A4DAD902}.Release|Any CPU.ActiveCfg = Release|Any CPU
		{4E6404CC-2980-4336-96AC-8AA4A4DAD902}.Release|Any CPU.Build.0 = Release|Any CPU
	EndGlobalSection
	GlobalSection(SolutionProperties) = preSolution
		HideSolutionNode = FALSE
	EndGlobalSection
	GlobalSection(ExtensibilityGlobals) = postSolution
		SolutionGuid = {AC3569A3-2838-4CF4-B31D-4D3E672902F8}
	EndGlobalSection
EndGlobal
